
Microsoft Visual Studio Solution File, Format Version 12.00
# Visual Studio Version 17
VisualStudioVersion = 17.2.32616.157
MinimumVisualStudioVersion = 10.0.40219.1
Project("{FAE04EC0-301F-11D3-BF4B-00C04F79EFBC}") = "homework1", "homework1\homework1.csproj", "{30435BBE-4D89-4036-A2F9-A6E9FB7C3F88}"
EndProject
Global
	GlobalSection(SolutionConfigurationPlatforms) = preSolution
		Debug|Any CPU = Debug|Any CPU
		Release|Any CPU = Release|Any CPU
	EndGlobalSection
	GlobalSection(ProjectConfigurationPlatforms) = postSolution
		{30435BBE-4D89-4036-A2F9-A6E9FB7C3F88}.Debug|Any CPU.ActiveCfg = Debug|Any CPU
		{30435BBE-4D89-4036-A2F9-A6E9FB7C3F88}.Debug|Any CPU.Build.0 = Debug|Any CPU
		{30435BBE-4D89-4036-A2F9-A6E9FB7C3F88}.Release|Any CPU.ActiveCfg = Release|Any CPU
		{30435BBE-4D89-4036-A2F9-A6E9FB7C3F88}.Release|Any CPU.Build.0 = Release|Any CPU
	EndGlobalSection
	GlobalSection(SolutionProperties) = preSolution
		HideSolutionNode = FALSE
	EndGlobalSection
	GlobalSection(ExtensibilityGlobals) = postSolution
		SolutionGuid = {7A31DCE7-C81A-4B56-B65E-A251B018A88B}
	EndGlobalSection
EndGlobal
